// !$*UTF8*$!
{
	archiveVersion = 1;
	classes = {
	};
	objectVersion = 56;
	objects = {

/* Begin PBXBuildFile section */
		F3C65CE429CB3F030010BC97 /* AppDelegate.swift in Sources */ = {isa = PBXBuildFile; fileRef = F3C65CE329CB3F030010BC97 /* AppDelegate.swift */; };
		F3C65CE829CB3F030010BC97 /* HomeViewController.swift in Sources */ = {isa = PBXBuildFile; fileRef = F3C65CE729CB3F030010BC97 /* HomeViewController.swift */; };
		F3C65CED29CB3F040010BC97 /* Assets.xcassets in Resources */ = {isa = PBXBuildFile; fileRef = F3C65CEC29CB3F040010BC97 /* Assets.xcassets */; };
		F3C65CF029CB3F040010BC97 /* LaunchScreen.storyboard in Resources */ = {isa = PBXBuildFile; fileRef = F3C65CEE29CB3F040010BC97 /* LaunchScreen.storyboard */; };
		F3C65CFC29CB561E0010BC97 /* SearchStackView.swift in Sources */ = {isa = PBXBuildFile; fileRef = F3C65CFB29CB561E0010BC97 /* SearchStackView.swift */; };
		F3C65CFF29CB6D820010BC97 /* WeatherModel.swift in Sources */ = {isa = PBXBuildFile; fileRef = F3C65CFE29CB6D820010BC97 /* WeatherModel.swift */; };
		F3C65D0229CB70750010BC97 /* WeatherService.swift in Sources */ = {isa = PBXBuildFile; fileRef = F3C65D0129CB70750010BC97 /* WeatherService.swift */; };
		F3C65D0529CB797B0010BC97 /* WeatherViewModel.swift in Sources */ = {isa = PBXBuildFile; fileRef = F3C65D0429CB797B0010BC97 /* WeatherViewModel.swift */; };
		F3C65D1429CC6C550010BC97 /* WeatherTest.swift in Sources */ = {isa = PBXBuildFile; fileRef = F3C65D1329CC6C550010BC97 /* WeatherTest.swift */; };
/* End PBXBuildFile section */

/* Begin PBXContainerItemProxy section */
		F3C65D0E29CC6C240010BC97 /* PBXContainerItemProxy */ = {
			isa = PBXContainerItemProxy;
			containerPortal = F3C65CD829CB3F030010BC97 /* Project object */;
			proxyType = 1;
			remoteGlobalIDString = F3C65CDF29CB3F030010BC97;
			remoteInfo = WeatherApp;
		};
/* End PBXContainerItemProxy section */

/* Begin PBXFileReference section */
		F3C65CE029CB3F030010BC97 /* WeatherApp.app */ = {isa = PBXFileReference; explicitFileType = wrapper.application; includeInIndex = 0; path = WeatherApp.app; sourceTree = BUILT_PRODUCTS_DIR; };
		F3C65CE329CB3F030010BC97 /* AppDelegate.swift */ = {isa = PBXFileReference; lastKnownFileType = sourcecode.swift; path = AppDelegate.swift; sourceTree = "<group>"; };
		F3C65CE729CB3F030010BC97 /* HomeViewController.swift */ = {isa = PBXFileReference; lastKnownFileType = sourcecode.swift; path = HomeViewController.swift; sourceTree = "<group>"; };
		F3C65CEC29CB3F040010BC97 /* Assets.xcassets */ = {isa = PBXFileReference; lastKnownFileType = folder.assetcatalog; path = Assets.xcassets; sourceTree = "<group>"; };
		F3C65CEF29CB3F040010BC97 /* Base */ = {isa = PBXFileReference; lastKnownFileType = file.storyboard; name = Base; path = Base.lproj/LaunchScreen.storyboard; sourceTree = "<group>"; };
		F3C65CF129CB3F040010BC97 /* Info.plist */ = {isa = PBXFileReference; lastKnownFileType = text.plist.xml; path = Info.plist; sourceTree = "<group>"; };
		F3C65CFB29CB561E0010BC97 /* SearchStackView.swift */ = {isa = PBXFileReference; lastKnownFileType = sourcecode.swift; path = SearchStackView.swift; sourceTree = "<group>"; };
		F3C65CFE29CB6D820010BC97 /* WeatherModel.swift */ = {isa = PBXFileReference; lastKnownFileType = sourcecode.swift; path = WeatherModel.swift; sourceTree = "<group>"; };
		F3C65D0129CB70750010BC97 /* WeatherService.swift */ = {isa = PBXFileReference; lastKnownFileType = sourcecode.swift; path = WeatherService.swift; sourceTree = "<group>"; };
		F3C65D0429CB797B0010BC97 /* WeatherViewModel.swift */ = {isa = PBXFileReference; lastKnownFileType = sourcecode.swift; path = WeatherViewModel.swift; sourceTree = "<group>"; };
		F3C65D0A29CC6C240010BC97 /* WeatherAppTests.xctest */ = {isa = PBXFileReference; explicitFileType = wrapper.cfbundle; includeInIndex = 0; path = WeatherAppTests.xctest; sourceTree = BUILT_PRODUCTS_DIR; };
		F3C65D1329CC6C550010BC97 /* WeatherTest.swift */ = {isa = PBXFileReference; lastKnownFileType = sourcecode.swift; path = WeatherTest.swift; sourceTree = "<group>"; };
/* End PBXFileReference section */

/* Begin PBXFrameworksBuildPhase section */
		F3C65CDD29CB3F030010BC97 /* Frameworks */ = {
			isa = PBXFrameworksBuildPhase;
			buildActionMask = 2147483647;
			files = (
			);
			runOnlyForDeploymentPostprocessing = 0;
		};
		F3C65D0729CC6C240010BC97 /* Frameworks */ = {
			isa = PBXFrameworksBuildPhase;
			buildActionMask = 2147483647;
			files = (
			);
			runOnlyForDeploymentPostprocessing = 0;
		};
/* End PBXFrameworksBuildPhase section */

/* Begin PBXGroup section */
		F3C65CD729CB3F030010BC97 = {
			isa = PBXGroup;
			children = (
				F3C65CE229CB3F030010BC97 /* WeatherApp */,
				F3C65D0B29CC6C240010BC97 /* WeatherAppTests */,
				F3C65CE129CB3F030010BC97 /* Products */,
			);
			sourceTree = "<group>";
		};
		F3C65CE129CB3F030010BC97 /* Products */ = {
			isa = PBXGroup;
			children = (
				F3C65CE029CB3F030010BC97 /* WeatherApp.app */,
				F3C65D0A29CC6C240010BC97 /* WeatherAppTests.xctest */,
			);
			name = Products;
			sourceTree = "<group>";
		};
		F3C65CE229CB3F030010BC97 /* WeatherApp */ = {
			isa = PBXGroup;
			children = (
				F3C65D0329CB796B0010BC97 /* ViewModel */,
				F3C65D0029CB70660010BC97 /* Service */,
				F3C65CFD29CB6D740010BC97 /* Model */,
				F3C65CFA29CB55F30010BC97 /* View */,
				F3C65CF929CB41240010BC97 /* Controller */,
				F3C65CF829CB410D0010BC97 /* Files */,
			);
			path = WeatherApp;
			sourceTree = "<group>";
		};
		F3C65CF829CB410D0010BC97 /* Files */ = {
			isa = PBXGroup;
			children = (
				F3C65CE329CB3F030010BC97 /* AppDelegate.swift */,
				F3C65CEC29CB3F040010BC97 /* Assets.xcassets */,
				F3C65CEE29CB3F040010BC97 /* LaunchScreen.storyboard */,
				F3C65CF129CB3F040010BC97 /* Info.plist */,
			);
			name = Files;
			sourceTree = "<group>";
		};
		F3C65CF929CB41240010BC97 /* Controller */ = {
			isa = PBXGroup;
			children = (
				F3C65CE729CB3F030010BC97 /* HomeViewController.swift */,
			);
			path = Controller;
			sourceTree = "<group>";
		};
		F3C65CFA29CB55F30010BC97 /* View */ = {
			isa = PBXGroup;
			children = (
				F3C65CFB29CB561E0010BC97 /* SearchStackView.swift */,
			);
			path = View;
			sourceTree = "<group>";
		};
		F3C65CFD29CB6D740010BC97 /* Model */ = {
			isa = PBXGroup;
			children = (
				F3C65CFE29CB6D820010BC97 /* WeatherModel.swift */,
			);
			path = Model;
			sourceTree = "<group>";
		};
		F3C65D0029CB70660010BC97 /* Service */ = {
			isa = PBXGroup;
			children = (
				F3C65D0129CB70750010BC97 /* WeatherService.swift */,
			);
			path = Service;
			sourceTree = "<group>";
		};
		F3C65D0329CB796B0010BC97 /* ViewModel */ = {
			isa = PBXGroup;
			children = (
				F3C65D0429CB797B0010BC97 /* WeatherViewModel.swift */,
			);
			path = ViewModel;
			sourceTree = "<group>";
		};
		F3C65D0B29CC6C240010BC97 /* WeatherAppTests */ = {
			isa = PBXGroup;
			children = (
				F3C65D1329CC6C550010BC97 /* WeatherTest.swift */,
			);
			path = WeatherAppTests;
			sourceTree = "<group>";
		};
/* End PBXGroup section */

/* Begin PBXNativeTarget section */
		F3C65CDF29CB3F030010BC97 /* WeatherApp */ = {
			isa = PBXNativeTarget;
			buildConfigurationList = F3C65CF429CB3F040010BC97 /* Build configuration list for PBXNativeTarget "WeatherApp" */;
			buildPhases = (
				F3C65CDC29CB3F030010BC97 /* Sources */,
				F3C65CDD29CB3F030010BC97 /* Frameworks */,
				F3C65CDE29CB3F030010BC97 /* Resources */,
			);
			buildRules = (
			);
			dependencies = (
			);
			name = WeatherApp;
			productName = WeatherApp;
			productReference = F3C65CE029CB3F030010BC97 /* WeatherApp.app */;
			productType = "com.apple.product-type.application";
		};
		F3C65D0929CC6C240010BC97 /* WeatherAppTests */ = {
			isa = PBXNativeTarget;
			buildConfigurationList = F3C65D1029CC6C240010BC97 /* Build configuration list for PBXNativeTarget "WeatherAppTests" */;
			buildPhases = (
				F3C65D0629CC6C240010BC97 /* Sources */,
				F3C65D0729CC6C240010BC97 /* Frameworks */,
				F3C65D0829CC6C240010BC97 /* Resources */,
			);
			buildRules = (
			);
			dependencies = (
				F3C65D0F29CC6C240010BC97 /* PBXTargetDependency */,
			);
			name = WeatherAppTests;
			productName = WeatherAppTests;
			productReference = F3C65D0A29CC6C240010BC97 /* WeatherAppTests.xctest */;
			productType = "com.apple.product-type.bundle.unit-test";
		};
/* End PBXNativeTarget section */

/* Begin PBXProject section */
		F3C65CD829CB3F030010BC97 /* Project object */ = {
			isa = PBXProject;
			attributes = {
				BuildIndependentTargetsInParallel = 1;
				LastSwiftUpdateCheck = 1420;
				LastUpgradeCheck = 1420;
				TargetAttributes = {
					F3C65CDF29CB3F030010BC97 = {
						CreatedOnToolsVersion = 14.2;
					};
					F3C65D0929CC6C240010BC97 = {
						CreatedOnToolsVersion = 14.2;
						LastSwiftMigration = 1420;
						TestTargetID = F3C65CDF29CB3F030010BC97;
					};
				};
			};
			buildConfigurationList = F3C65CDB29CB3F030010BC97 /* Build configuration list for PBXProject "WeatherApp" */;
			compatibilityVersion = "Xcode 14.0";
			developmentRegion = en;
			hasScannedForEncodings = 0;
			knownRegions = (
				en,
				Base,
			);
			mainGroup = F3C65CD729CB3F030010BC97;
			productRefGroup = F3C65CE129CB3F030010BC97 /* Products */;
			projectDirPath = "";
			projectRoot = "";
			targets = (
				F3C65CDF29CB3F030010BC97 /* WeatherApp */,
				F3C65D0929CC6C240010BC97 /* WeatherAppTests */,
			);
		};
/* End PBXProject section */

/* Begin PBXResourcesBuildPhase section */
		F3C65CDE29CB3F030010BC97 /* Resources */ = {
			isa = PBXResourcesBuildPhase;
			buildActionMask = 2147483647;
			files = (
				F3C65CF029CB3F040010BC97 /* LaunchScreen.storyboard in Resources */,
				F3C65CED29CB3F040010BC97 /* Assets.xcassets in Resources */,
			);
			runOnlyForDeploymentPostprocessing = 0;
		};
		F3C65D0829CC6C240010BC97 /* Resources */ = {
			isa = PBXResourcesBuildPhase;
			buildActionMask = 2147483647;
			files = (
			);
			runOnlyForDeploymentPostprocessing = 0;
		};
/* End PBXResourcesBuildPhase section */

/* Begin PBXSourcesBuildPhase section */
		F3C65CDC29CB3F030010BC97 /* Sources */ = {
			isa = PBXSourcesBuildPhase;
			buildActionMask = 2147483647;
			files = (
				F3C65D0229CB70750010BC97 /* WeatherService.swift in Sources */,
				F3C65D0529CB797B0010BC97 /* WeatherViewModel.swift in Sources */,
				F3C65CFC29CB561E0010BC97 /* SearchStackView.swift in Sources */,
				F3C65CE829CB3F030010BC97 /* HomeViewController.swift in Sources */,
				F3C65CFF29CB6D820010BC97 /* WeatherModel.swift in Sources */,
				F3C65CE429CB3F030010BC97 /* AppDelegate.swift in Sources */,
			);
			runOnlyForDeploymentPostprocessing = 0;
		};
		F3C65D0629CC6C240010BC97 /* Sources */ = {
			isa = PBXSourcesBuildPhase;
			buildActionMask = 2147483647;
			files = (
				F3C65D1429CC6C550010BC97 /* WeatherTest.swift in Sources */,
			);
			runOnlyForDeploymentPostprocessing = 0;
		};
/* End PBXSourcesBuildPhase section */

/* Begin PBXTargetDependency section */
		F3C65D0F29CC6C240010BC97 /* PBXTargetDependency */ = {
			isa = PBXTargetDependency;
			target = F3C65CDF29CB3F030010BC97 /* WeatherApp */;
			targetProxy = F3C65D0E29CC6C240010BC97 /* PBXContainerItemProxy */;
		};
/* End PBXTargetDependency section */

/* Begin PBXVariantGroup section */
		F3C65CEE29CB3F040010BC97 /* LaunchScreen.storyboard */ = {
			isa = PBXVariantGroup;
			children = (
				F3C65CEF29CB3F040010BC97 /* Base */,
			);
			name = LaunchScreen.storyboard;
			sourceTree = "<group>";
		};
/* End PBXVariantGroup section */

/* Begin XCBuildConfiguration section */
		F3C65CF229CB3F040010BC97 /* Debug */ = {
			isa = XCBuildConfiguration;
			buildSettings = {
				ALWAYS_SEARCH_USER_PATHS = NO;
				CLANG_ANALYZER_NONNULL = YES;
				CLANG_ANALYZER_NUMBER_OBJECT_CONVERSION = YES_AGGRESSIVE;
				CLANG_CXX_LANGUAGE_STANDARD = "gnu++20";
				CLANG_ENABLE_MODULES = YES;
				CLANG_ENABLE_OBJC_ARC = YES;
				CLANG_ENABLE_OBJC_WEAK = YES;
				CLANG_WARN_BLOCK_CAPTURE_AUTORELEASING = YES;
				CLANG_WARN_BOOL_CONVERSION = YES;
				CLANG_WARN_COMMA = YES;
				CLANG_WARN_CONSTANT_CONVERSION = YES;
				CLANG_WARN_DEPRECATED_OBJC_IMPLEMENTATIONS = YES;
				CLANG_WARN_DIRECT_OBJC_ISA_USAGE = YES_ERROR;
				CLANG_WARN_DOCUMENTATION_COMMENTS = YES;
				CLANG_WARN_EMPTY_BODY = YES;
				CLANG_WARN_ENUM_CONVERSION = YES;
				CLANG_WARN_INFINITE_RECURSION = YES;
				CLANG_WARN_INT_CONVERSION = YES;
				CLANG_WARN_NON_LITERAL_NULL_CONVERSION = YES;
				CLANG_WARN_OBJC_IMPLICIT_RETAIN_SELF = YES;
				CLANG_WARN_OBJC_LITERAL_CONVERSION = YES;
				CLANG_WARN_OBJC_ROOT_CLASS = YES_ERROR;
				CLANG_WARN_QUOTED_INCLUDE_IN_FRAMEWORK_HEADER = YES;
				CLANG_WARN_RANGE_LOOP_ANALYSIS = YES;
				CLANG_WARN_STRICT_PROTOTYPES = YES;
				CLANG_WARN_SUSPICIOUS_MOVE = YES;
				CLANG_WARN_UNGUARDED_AVAILABILITY = YES_AGGRESSIVE;
				CLANG_WARN_UNREACHABLE_CODE = YES;
				CLANG_WARN__DUPLICATE_METHOD_MATCH = YES;
				COPY_PHASE_STRIP = NO;
				DEBUG_INFORMATION_FORMAT = dwarf;
				ENABLE_STRICT_OBJC_MSGSEND = YES;
				ENABLE_TESTABILITY = YES;
				GCC_C_LANGUAGE_STANDARD = gnu11;
				GCC_DYNAMIC_NO_PIC = NO;
				GCC_NO_COMMON_BLOCKS = YES;
				GCC_OPTIMIZATION_LEVEL = 0;
				GCC_PREPROCESSOR_DEFINITIONS = (
					"DEBUG=1",
					"$(inherited)",
				);
				GCC_WARN_64_TO_32_BIT_CONVERSION = YES;
				GCC_WARN_ABOUT_RETURN_TYPE = YES_ERROR;
				GCC_WARN_UNDECLARED_SELECTOR = YES;
				GCC_WARN_UNINITIALIZED_AUTOS = YES_AGGRESSIVE;
				GCC_WARN_UNUSED_FUNCTION = YES;
				GCC_WARN_UNUSED_VARIABLE = YES;
				IPHONEOS_DEPLOYMENT_TARGET = 16.2;
				MTL_ENABLE_DEBUG_INFO = INCLUDE_SOURCE;
				MTL_FAST_MATH = YES;
				ONLY_ACTIVE_ARCH = YES;
				SDKROOT = iphoneos;
				SWIFT_ACTIVE_COMPILATION_CONDITIONS = DEBUG;
				SWIFT_OPTIMIZATION_LEVEL = "-Onone";
			};
			name = Debug;
		};
		F3C65CF329CB3F040010BC97 /* Release */ = {
			isa = XCBuildConfiguration;
			buildSettings = {
				ALWAYS_SEARCH_USER_PATHS = NO;
				CLANG_ANALYZER_NONNULL = YES;
				CLANG_ANALYZER_NUMBER_OBJECT_CONVERSION = YES_AGGRESSIVE;
				CLANG_CXX_LANGUAGE_STANDARD = "gnu++20";
				CLANG_ENABLE_MODULES = YES;
				CLANG_ENABLE_OBJC_ARC = YES;
				CLANG_ENABLE_OBJC_WEAK = YES;
				CLANG_WARN_BLOCK_CAPTURE_AUTORELEASING = YES;
				CLANG_WARN_BOOL_CONVERSION = YES;
				CLANG_WARN_COMMA = YES;
				CLANG_WARN_CONSTANT_CONVERSION = YES;
				CLANG_WARN_DEPRECATED_OBJC_IMPLEMENTATIONS = YES;
				CLANG_WARN_DIRECT_OBJC_ISA_USAGE = YES_ERROR;
				CLANG_WARN_DOCUMENTATION_COMMENTS = YES;
				CLANG_WARN_EMPTY_BODY = YES;
				CLANG_WARN_ENUM_CONVERSION = YES;
				CLANG_WARN_INFINITE_RECURSION = YES;
				CLANG_WARN_INT_CONVERSION = YES;
				CLANG_WARN_NON_LITERAL_NULL_CONVERSION = YES;
				CLANG_WARN_OBJC_IMPLICIT_RETAIN_SELF = YES;
				CLANG_WARN_OBJC_LITERAL_CONVERSION = YES;
				CLANG_WARN_OBJC_ROOT_CLASS = YES_ERROR;
				CLANG_WARN_QUOTED_INCLUDE_IN_FRAMEWORK_HEADER = YES;
				CLANG_WARN_RANGE_LOOP_ANALYSIS = YES;
				CLANG_WARN_STRICT_PROTOTYPES = YES;
				CLANG_WARN_SUSPICIOUS_MOVE = YES;
				CLANG_WARN_UNGUARDED_AVAILABILITY = YES_AGGRESSIVE;
				CLANG_WARN_UNREACHABLE_CODE = YES;
				CLANG_WARN__DUPLICATE_METHOD_MATCH = YES;
				COPY_PHASE_STRIP = NO;
				DEBUG_INFORMATION_FORMAT = "dwarf-with-dsym";
				ENABLE_NS_ASSERTIONS = NO;
				ENABLE_STRICT_OBJC_MSGSEND = YES;
				GCC_C_LANGUAGE_STANDARD = gnu11;
				GCC_NO_COMMON_BLOCKS = YES;
				GCC_WARN_64_TO_32_BIT_CONVERSION = YES;
				GCC_WARN_ABOUT_RETURN_TYPE = YES_ERROR;
				GCC_WARN_UNDECLARED_SELECTOR = YES;
				GCC_WARN_UNINITIALIZED_AUTOS = YES_AGGRESSIVE;
				GCC_WARN_UNUSED_FUNCTION = YES;
				GCC_WARN_UNUSED_VARIABLE = YES;
				IPHONEOS_DEPLOYMENT_TARGET = 16.2;
				MTL_ENABLE_DEBUG_INFO = NO;
				MTL_FAST_MATH = YES;
				SDKROOT = iphoneos;
				SWIFT_COMPILATION_MODE = wholemodule;
				SWIFT_OPTIMIZATION_LEVEL = "-O";
				VALIDATE_PRODUCT = YES;
			};
			name = Release;
		};
		F3C65CF529CB3F040010BC97 /* Debug */ = {
			isa = XCBuildConfiguration;
			buildSettings = {
				ASSETCATALOG_COMPILER_APPICON_NAME = AppIcon;
				ASSETCATALOG_COMPILER_GLOBAL_ACCENT_COLOR_NAME = AccentColor;
				CODE_SIGN_STYLE = Automatic;
				CURRENT_PROJECT_VERSION = 1;
				DEVELOPMENT_TEAM = 3QG2M234BJ;
				GENERATE_INFOPLIST_FILE = YES;
				INFOPLIST_FILE = WeatherApp/Info.plist;
				INFOPLIST_KEY_UIApplicationSupportsIndirectInputEvents = YES;
				INFOPLIST_KEY_UILaunchStoryboardName = LaunchScreen;
				INFOPLIST_KEY_UISupportedInterfaceOrientations_iPad = "UIInterfaceOrientationPortrait UIInterfaceOrientationPortraitUpsideDown UIInterfaceOrientationLandscapeLeft UIInterfaceOrientationLandscapeRight";
				INFOPLIST_KEY_UISupportedInterfaceOrientations_iPhone = "UIInterfaceOrientationPortrait UIInterfaceOrientationLandscapeLeft UIInterfaceOrientationLandscapeRight";
				LD_RUNPATH_SEARCH_PATHS = (
					"$(inherited)",
					"@executable_path/Frameworks",
				);
				MARKETING_VERSION = 1.0;
				PRODUCT_BUNDLE_IDENTIFIER = com.yakupsuda.WeatherApp;
				PRODUCT_NAME = "$(TARGET_NAME)";
				SWIFT_EMIT_LOC_STRINGS = YES;
				SWIFT_VERSION = 5.0;
				TARGETED_DEVICE_FAMILY = "1,2";
			};
			name = Debug;
		};
		F3C65CF629CB3F040010BC97 /* Release */ = {
			isa = XCBuildConfiguration;
			buildSettings = {
				ASSETCATALOG_COMPILER_APPICON_NAME = AppIcon;
				ASSETCATALOG_COMPILER_GLOBAL_ACCENT_COLOR_NAME = AccentColor;
				CODE_SIGN_STYLE = Automatic;
				CURRENT_PROJECT_VERSION = 1;
				DEVELOPMENT_TEAM = 3QG2M234BJ;
				GENERATE_INFOPLIST_FILE = YES;
				INFOPLIST_FILE = WeatherApp/Info.plist;
				INFOPLIST_KEY_UIApplicationSupportsIndirectInputEvents = YES;
				INFOPLIST_KEY_UILaunchStoryboardName = LaunchScreen;
				INFOPLIST_KEY_UISupportedInterfaceOrientations_iPad = "UIInterfaceOrientationPortrait UIInterfaceOrientationPortraitUpsideDown UIInterfaceOrientationLandscapeLeft UIInterfaceOrientationLandscapeRight";
				INFOPLIST_KEY_UISupportedInterfaceOrientations_iPhone = "UIInterfaceOrientationPortrait UIInterfaceOrientationLandscapeLeft UIInterfaceOrientationLandscapeRight";
				LD_RUNPATH_SEARCH_PATHS = (
					"$(inherited)",
					"@executable_path/Frameworks",
				);
				MARKETING_VERSION = 1.0;
				PRODUCT_BUNDLE_IDENTIFIER = com.yakupsuda.WeatherApp;
				PRODUCT_NAME = "$(TARGET_NAME)";
				SWIFT_EMIT_LOC_STRINGS = YES;
				SWIFT_VERSION = 5.0;
				TARGETED_DEVICE_FAMILY = "1,2";
			};
			name = Release;
		};
		F3C65D1129CC6C240010BC97 /* Debug */ = {
			isa = XCBuildConfiguration;
			buildSettings = {
				BUNDLE_LOADER = "$(TEST_HOST)";
				CLANG_ENABLE_MODULES = YES;
				CODE_SIGN_STYLE = Automatic;
				CURRENT_PROJECT_VERSION = 1;
				DEVELOPMENT_TEAM = 3QG2M234BJ;
				GENERATE_INFOPLIST_FILE = YES;
				LD_RUNPATH_SEARCH_PATHS = (
					"$(inherited)",
					"@executable_path/Frameworks",
					"@loader_path/Frameworks",
				);
				MARKETING_VERSION = 1.0;
				PRODUCT_BUNDLE_IDENTIFIER = com.yakupsuda.WeatherAppTests;
				PRODUCT_NAME = "$(TARGET_NAME)";
				SWIFT_EMIT_LOC_STRINGS = NO;
				SWIFT_OPTIMIZATION_LEVEL = "-Onone";
				SWIFT_VERSION = 5.0;
				TARGETED_DEVICE_FAMILY = "1,2";
				TEST_HOST = "$(BUILT_PRODUCTS_DIR)/WeatherApp.app/$(BUNDLE_EXECUTABLE_FOLDER_PATH)/WeatherApp";
			};
			name = Debug;
		};
		F3C65D1229CC6C240010BC97 /* Release */ = {
			isa = XCBuildConfiguration;
			buildSettings = {
				BUNDLE_LOADER = "$(TEST_HOST)";
				CLANG_ENABLE_MODULES = YES;
				CODE_SIGN_STYLE = Automatic;
				CURRENT_PROJECT_VERSION = 1;
				DEVELOPMENT_TEAM = 3QG2M234BJ;
				GENERATE_INFOPLIST_FILE = YES;
				LD_RUNPATH_SEARCH_PATHS = (
					"$(inherited)",
					"@executable_path/Frameworks",
					"@loader_path/Frameworks",
				);
				MARKETING_VERSION = 1.0;
				PRODUCT_BUNDLE_IDENTIFIER = com.yakupsuda.WeatherAppTests;
				PRODUCT_NAME = "$(TARGET_NAME)";
				SWIFT_EMIT_LOC_STRINGS = NO;
				SWIFT_VERSION = 5.0;
				TARGETED_DEVICE_FAMILY = "1,2";
				TEST_HOST = "$(BUILT_PRODUCTS_DIR)/WeatherApp.app/$(BUNDLE_EXECUTABLE_FOLDER_PATH)/WeatherApp";
			};
			name = Release;
		};
/* End XCBuildConfiguration section */

/* Begin XCConfigurationList section */
		F3C65CDB29CB3F030010BC97 /* Build configuration list for PBXProject "WeatherApp" */ = {
			isa = XCConfigurationList;
			buildConfigurations = (
				F3C65CF229CB3F040010BC97 /* Debug */,
				F3C65CF329CB3F040010BC97 /* Release */,
			);
			defaultConfigurationIsVisible = 0;
			defaultConfigurationName = Release;
		};
		F3C65CF429CB3F040010BC97 /* Build configuration list for PBXNativeTarget "WeatherApp" */ = {
			isa = XCConfigurationList;
			buildConfigurations = (
				F3C65CF529CB3F040010BC97 /* Debug */,
				F3C65CF629CB3F040010BC97 /* Release */,
			);
			defaultConfigurationIsVisible = 0;
			defaultConfigurationName = Release;
		};
		F3C65D1029CC6C240010BC97 /* Build configuration list for PBXNativeTarget "WeatherAppTests" */ = {
			isa = XCConfigurationList;
			buildConfigurations = (
				F3C65D1129CC6C240010BC97 /* Debug */,
				F3C65D1229CC6C240010BC97 /* Release */,
			);
			defaultConfigurationIsVisible = 0;
			defaultConfigurationName = Release;
		};
/* End XCConfigurationList section */
	};
	rootObject = F3C65CD829CB3F030010BC97 /* Project object */;
}
